
Microsoft Visual Studio Solution File, Format Version 12.00
# Visual Studio Version 17
VisualStudioVersion = 17.0.31903.59
MinimumVisualStudioVersion = 10.0.40219.1
Project("{2150E333-8FDC-42A3-9474-1A3956D46DE8}") = "src", "src", "{827E0CD3-B72D-47B6-A68D-7590B98EB39B}"
EndProject
Project("{FAE04EC0-301F-11D3-BF4B-00C04F79EFBC}") = "AiUsageMonitor.Poc", "src\AiUsageMonitor.Poc\AiUsageMonitor.Poc.csproj", "{8AB2B02A-AB71-49BF-B7F4-4681D7F7DFA0}"
EndProject
Project("{FAE04EC0-301F-11D3-BF4B-00C04F79EFBC}") = "AiUsageMonitor.Domain", "src\AiUsageMonitor.Domain\AiUsageMonitor.Domain.csproj", "{ABD539C6-8857-4462-B3D1-475F838DCBE2}"
EndProject
Project("{FAE04EC0-301F-11D3-BF4B-00C04F79EFBC}") = "AiUsageMonitor.App", "src\AiUsageMonitor.App\AiUsageMonitor.App.csproj", "{D3D1F610-178B-40DC-B82C-8700F4EAC9CA}"
EndProject
Project("{2150E333-8FDC-42A3-9474-1A3956D46DE8}") = "tests", "tests", "{0AB3BF05-4346-4AA6-1389-037BE0695223}"
EndProject
Project("{FAE04EC0-301F-11D3-BF4B-00C04F79EFBC}") = "AiUsageMonitor.Domain.Tests", "tests\AiUsageMonitor.Domain.Tests\AiUsageMonitor.Domain.Tests.csproj", "{D6FC17C9-A107-47AC-9E0F-382C375114DE}"
EndProject
Global
	GlobalSection(SolutionConfigurationPlatforms) = preSolution
		Debug|Any CPU = Debug|Any CPU
		Debug|x64 = Debug|x64
		Debug|x86 = Debug|x86
		Release|Any CPU = Release|Any CPU
		Release|x64 = Release|x64
		Release|x86 = Release|x86
	EndGlobalSection
	GlobalSection(ProjectConfigurationPlatforms) = postSolution
		{8AB2B02A-AB71-49BF-B7F4-4681D7F7DFA0}.Debug|Any CPU.ActiveCfg = Debug|Any CPU
		{8AB2B02A-AB71-49BF-B7F4-4681D7F7DFA0}.Debug|Any CPU.Build.0 = Debug|Any CPU
		{8AB2B02A-AB71-49BF-B7F4-4681D7F7DFA0}.Debug|x64.ActiveCfg = Debug|Any CPU
		{8AB2B02A-AB71-49BF-B7F4-4681D7F7DFA0}.Debug|x64.Build.0 = Debug|Any CPU
		{8AB2B02A-AB71-49BF-B7F4-4681D7F7DFA0}.Debug|x86.ActiveCfg = Debug|Any CPU
		{8AB2B02A-AB71-49BF-B7F4-4681D7F7DFA0}.Debug|x86.Build.0 = Debug|Any CPU
		{8AB2B02A-AB71-49BF-B7F4-4681D7F7DFA0}.Release|Any CPU.ActiveCfg = Release|Any CPU
		{8AB2B02A-AB71-49BF-B7F4-4681D7F7DFA0}.Release|Any CPU.Build.0 = Release|Any CPU
		{8AB2B02A-AB71-49BF-B7F4-4681D7F7DFA0}.Release|x64.ActiveCfg = Release|Any CPU
		{8AB2B02A-AB71-49BF-B7F4-4681D7F7DFA0}.Release|x64.Build.0 = Release|Any CPU
		{8AB2B02A-AB71-49BF-B7F4-4681D7F7DFA0}.Release|x86.ActiveCfg = Release|Any CPU
		{8AB2B02A-AB71-49BF-B7F4-4681D7F7DFA0}.Release|x86.Build.0 = Release|Any CPU
		{ABD539C6-8857-4462-B3D1-475F838DCBE2}.Debug|Any CPU.ActiveCfg = Debug|Any CPU
		{ABD539C6-8857-4462-B3D1-475F838DCBE2}.Debug|Any CPU.Build.0 = Debug|Any CPU
		{ABD539C6-8857-4462-B3D1-475F838DCBE2}.Debug|x64.ActiveCfg = Debug|Any CPU
		{ABD539C6-8857-4462-B3D1-475F838DCBE2}.Debug|x64.Build.0 = Debug|Any CPU
		{ABD539C6-8857-4462-B3D1-475F838DCBE2}.Debug|x86.ActiveCfg = Debug|Any CPU
		{ABD539C6-8857-4462-B3D1-475F838DCBE2}.Debug|x86.Build.0 = Debug|Any CPU
		{ABD539C6-8857-4462-B3D1-475F838DCBE2}.Release|Any CPU.ActiveCfg = Release|Any CPU
		{ABD539C6-8857-4462-B3D1-475F838DCBE2}.Release|Any CPU.Build.0 = Release|Any CPU
		{ABD539C6-8857-4462-B3D1-475F838DCBE2}.Release|x64.ActiveCfg = Release|Any CPU
		{ABD539C6-8857-4462-B3D1-475F838DCBE2}.Release|x64.Build.0 = Release|Any CPU
		{ABD539C6-8857-4462-B3D1-475F838DCBE2}.Release|x86.ActiveCfg = Release|Any CPU
		{ABD539C6-8857-4462-B3D1-475F838DCBE2}.Release|x86.Build.0 = Release|Any CPU
		{D3D1F610-178B-40DC-B82C-8700F4EAC9CA}.Debug|Any CPU.ActiveCfg = Debug|Any CPU
		{D3D1F610-178B-40DC-B82C-8700F4EAC9CA}.Debug|Any CPU.Build.0 = Debug|Any CPU
		{D3D1F610-178B-40DC-B82C-8700F4EAC9CA}.Debug|x64.ActiveCfg = Debug|Any CPU
		{D3D1F610-178B-40DC-B82C-8700F4EAC9CA}.Debug|x64.Build.0 = Debug|Any CPU
		{D3D1F610-178B-40DC-B82C-8700F4EAC9CA}.Debug|x86.ActiveCfg = Debug|Any CPU
		{D3D1F610-178B-40DC-B82C-8700F4EAC9CA}.Debug|x86.Build.0 = Debug|Any CPU
		{D3D1F610-178B-40DC-B82C-8700F4EAC9CA}.Release|Any CPU.ActiveCfg = Release|Any CPU
		{D3D1F610-178B-40DC-B82C-8700F4EAC9CA}.Release|Any CPU.Build.0 = Release|Any CPU
		{D3D1F610-178B-40DC-B82C-8700F4EAC9CA}.Release|x64.ActiveCfg = Release|Any CPU
		{D3D1F610-178B-40DC-B82C-8700F4EAC9CA}.Release|x64.Build.0 = Release|Any CPU
		{D3D1F610-178B-40DC-B82C-8700F4EAC9CA}.Release|x86.ActiveCfg = Release|Any CPU
		{D3D1F610-178B-40DC-B82C-8700F4EAC9CA}.Release|x86.Build.0 = Release|Any CPU
		{D6FC17C9-A107-47AC-9E0F-382C375114DE}.Debug|Any CPU.ActiveCfg = Debug|Any CPU
		{D6FC17C9-A107-47AC-9E0F-382C375114DE}.Debug|Any CPU.Build.0 = Debug|Any CPU
		{D6FC17C9-A107-47AC-9E0F-382C375114DE}.Debug|x64.ActiveCfg = Debug|Any CPU
		{D6FC17C9-A107-47AC-9E0F-382C375114DE}.Debug|x64.Build.0 = Debug|Any CPU
		{D6FC17C9-A107-47AC-9E0F-382C375114DE}.Debug|x86.ActiveCfg = Debug|Any CPU
		{D6FC17C9-A107-47AC-9E0F-382C375114DE}.Debug|x86.Build.0 = Debug|Any CPU
		{D6FC17C9-A107-47AC-9E0F-382C375114DE}.Release|Any CPU.ActiveCfg = Release|Any CPU
		{D6FC17C9-A107-47AC-9E0F-382C375114DE}.Release|Any CPU.Build.0 = Release|Any CPU
		{D6FC17C9-A107-47AC-9E0F-382C375114DE}.Release|x64.ActiveCfg = Release|Any CPU
		{D6FC17C9-A107-47AC-9E0F-382C375114DE}.Release|x64.Build.0 = Release|Any CPU
		{D6FC17C9-A107-47AC-9E0F-382C375114DE}.Release|x86.ActiveCfg = Release|Any CPU
		{D6FC17C9-A107-47AC-9E0F-382C375114DE}.Release|x86.Build.0 = Release|Any CPU
	EndGlobalSection
	GlobalSection(SolutionProperties) = preSolution
		HideSolutionNode = FALSE
	EndGlobalSection
	GlobalSection(NestedProjects) = preSolution
		{8AB2B02A-AB71-49BF-B7F4-4681D7F7DFA0} = {827E0CD3-B72D-47B6-A68D-7590B98EB39B}
		{ABD539C6-8857-4462-B3D1-475F838DCBE2} = {827E0CD3-B72D-47B6-A68D-7590B98EB39B}
		{D3D1F610-178B-40DC-B82C-8700F4EAC9CA} = {827E0CD3-B72D-47B6-A68D-7590B98EB39B}
		{D6FC17C9-A107-47AC-9E0F-382C375114DE} = {0AB3BF05-4346-4AA6-1389-037BE0695223}
	EndGlobalSection
EndGlobal
